{
  "version": 4,
  "terraform_version": "1.10.4",
  "serial": 20,
  "lineage": "c14cfae3-9fad-9856-b6af-3d0675bcc351",
  "outputs": {},
  "resources": [
    {
      "mode": "data",
      "type": "opennebula_template",
      "name": "plantilla",
      "provider": "provider[\"registry.terraform.io/opennebula/opennebula\"]",
      "instances": [
        {
          "schema_version": 0,
          "attributes": {
            "cpu": 0.5,
            "disk": [
              {
                "cache": "",
                "dev_prefix": "",
                "discard": "",
                "driver": "",
                "image_id": 226,
                "io": "",
                "size": 0,
                "target": "",
                "volatile_format": "",
                "volatile_type": ""
              }
            ],
            "has_cpu": null,
            "has_memory": null,
            "has_vcpu": null,
            "id": 262,
            "memory": 1024,
            "name": "Debian 12 - 20241124",
            "nic": [],
            "tags": {
              "CPU": "0.5",
              "LOGO": "images/logos/debian.png",
              "LXD_SECURITY_PRIVILEGED": "true",
              "MEMORY": "1024",
              "MEMORY_RESIZE_MODE": "BALLOONING",
              "MEMORY_UNIT_COST": "MB",
              "SAVED_TEMPLATE_ID": "254",
              "TAG": "debian-terraform"
            },
            "vcpu": null,
            "vmgroup": null
          },
          "sensitive_attributes": []
        }
      ]
    },
    {
      "mode": "data",
      "type": "opennebula_templates",
      "name": "busqueda",
      "provider": "provider[\"registry.terraform.io/opennebula/opennebula\"]",
      "instances": [
        {
          "schema_version": 0,
          "attributes": {
            "cpu": null,
            "has_cpu": null,
            "has_memory": null,
            "has_vcpu": null,
            "id": "862b63937bf94f63209ff41f50c8c00a168a277c6982e9445866a378553f8b84cc593ddc65dc4e8b2da42d52167840dffb36f1b8178560f1c3ec3eef12dfce77",
            "memory": null,
            "name_regex": "Debian 12 - 20241124",
            "order": "ASC",
            "sort_on": "register_date",
            "tags": null,
            "templates": [
              {
                "cpu": 0.5,
                "disk": [
                  {
                    "cache": "",
                    "dev_prefix": "",
                    "discard": "",
                    "driver": "",
                    "image_id": 226,
                    "io": "",
                    "size": 0,
                    "target": "",
                    "volatile_format": "",
                    "volatile_type": ""
                  }
                ],
                "id": 262,
                "memory": 1024,
                "name": "Debian 12 - 20241124",
                "nic": [],
                "register_date": 1732470665,
                "tags": {
                  "CPU": "0.5",
                  "LOGO": "images/logos/debian.png",
                  "LXD_SECURITY_PRIVILEGED": "true",
                  "MEMORY": "1024",
                  "MEMORY_RESIZE_MODE": "BALLOONING",
                  "MEMORY_UNIT_COST": "MB",
                  "SAVED_TEMPLATE_ID": "254",
                  "TAG": "debian-terraform"
                },
                "vcpu": -1,
                "vmgroup": [
                  {
                    "role": "",
                    "vmgroup_id": 0
                  }
                ]
              }
            ],
            "vcpu": null
          },
          "sensitive_attributes": []
        }
      ]
    },
    {
      "mode": "data",
      "type": "opennebula_virtual_network",
      "name": "red",
      "provider": "provider[\"registry.terraform.io/opennebula/opennebula\"]",
      "instances": [
        {
          "schema_version": 0,
          "attributes": {
            "id": 1246,
            "mtu": 1500,
            "name": "ciber-06",
            "tags": {
              "BRIDGE": "aulas",
              "BRIDGE_TYPE": "linux",
              "DNS": "192.168.10.1 1.1.1.1",
              "GATEWAY": "172.20.1.2",
              "GUEST_MTU": "1500",
              "MTU": "1500",
              "NETWORK_MASK": "255.255.0.0",
              "OUTER_VLAN_ID": "",
              "PHYDEV": "",
              "SECURITY_GROUPS": "245",
              "VLAN_ID": "",
              "VN_MAD": "fw"
            }
          },
          "sensitive_attributes": []
        }
      ]
    },
    {
      "mode": "managed",
      "type": "opennebula_virtual_machine",
      "name": "mysql",
      "provider": "provider[\"registry.terraform.io/opennebula/opennebula\"]",
      "instances": [
        {
          "schema_version": 0,
          "attributes": {
            "context": {
              "NETWORK": "YES",
              "SET_HOSTNAME": "$NAME",
              "SSH_PUBLIC_KEY": "ssh-rsa AAAAB3NzaC1yc2EAAAADAQABAAABAQDMWWZ6dy6OMrHOZA1W7SoBh/31dalJllYvipzxaeaa/EzR6kNO4sw9K5xG7gotQqqxy21/DXpHUbDk5MVm8S1MjeQRXj7Ycn+D024/3sZXZOkrfdGYvHER/hxzuedlQ0rYZzzMwfLSZfCy9H5tltFcd9SStk5ske5deor5l+iHCFvuCTzHSQKzHgXOi0szf6W19ZCQqlNYrS2KN96Vg5eGLUmgAVY/MxMi8XXzYmDuuFG6FjUHrnfzpnBZ59ITn1AL8xdrdcs06cQm9/D1fibQa6La4ig+CxOSxNKUqqYtOhDt1Xj+kuUCtz/mLDAMXPp+VqCiTCko/5or3d9H68J9 root@workspace\n"
            },
            "cpu": 2,
            "cpumodel": [],
            "default_tags": {},
            "description": "",
            "disk": [
              {
                "cache": "",
                "computed_cache": "",
                "computed_dev_prefix": "vd",
                "computed_discard": "",
                "computed_driver": "qcow2",
                "computed_io": "",
                "computed_size": 6000,
                "computed_target": "vda",
                "computed_volatile_format": "qcow2",
                "dev_prefix": "",
                "discard": "",
                "disk_id": 0,
                "driver": "",
                "image_id": 226,
                "io": "",
                "size": 6000,
                "target": "vda",
                "volatile_format": "",
                "volatile_type": ""
              }
            ],
            "gid": 843,
            "gname": "ciber-06",
            "graphics": [],
            "group": "ciber-06",
            "hard_shutdown": false,
            "id": "8154",
            "ip": "172.20.227.61",
            "keep_nic_order": null,
            "lcmstate": 3,
            "lock": null,
            "memory": 6000,
            "name": "debian-ciber-06-mysql",
            "nic": [
              {
                "computed_dns": "",
                "computed_gateway": "172.20.1.2",
                "computed_ip": "172.20.227.61",
                "computed_mac": "02:00:ac:14:e3:3d",
                "computed_method": "",
                "computed_model": "virtio",
                "computed_physical_device": "",
                "computed_security_groups": [
                  245
                ],
                "computed_virtio_queues": "",
                "dns": "",
                "gateway": "",
                "ip": "172.20.227.61",
                "mac": "",
                "method": "",
                "model": "virtio",
                "network": "ciber-06",
                "network_id": 1246,
                "network_mode_auto": false,
                "nic_id": 0,
                "physical_device": "",
                "sched_rank": "",
                "sched_requirements": "",
                "security_groups": null,
                "virtio_queues": ""
              }
            ],
            "on_disk_change": "swap",
            "os": [],
            "pending": false,
            "permissions": "600",
            "raw": [],
            "sched_ds_requirements": "",
            "sched_requirements": "",
            "state": 3,
            "tags": null,
            "tags_all": {},
            "template_disk": [],
            "template_id": 262,
            "template_nic": [],
            "template_section": [],
            "template_section_names": {
              "CONTEXT": "",
              "DISK": "",
              "GRAPHICS": "",
              "HOT_RESIZE": "",
              "OS": ""
            },
            "template_tags": {
              "CPU": "0.5",
              "LOGO": "images/logos/debian.png",
              "LXD_SECURITY_PRIVILEGED": "true",
              "MEMORY": "1024",
              "MEMORY_RESIZE_MODE": "BALLOONING",
              "MEMORY_UNIT_COST": "MB",
              "SAVED_TEMPLATE_ID": "254",
              "TAG": "debian-terraform"
            },
            "timeout": 20,
            "timeouts": null,
            "uid": 680,
            "uname": "ciber-06",
            "vcpu": 2,
            "vmgroup": null
          },
          "sensitive_attributes": [],
          "private": "eyJlMmJmYjczMC1lY2FhLTExZTYtOGY4OC0zNDM2M2JjN2M0YzAiOnsiY3JlYXRlIjoxMjAwMDAwMDAwMDAwLCJkZWxldGUiOjEyMDAwMDAwMDAwMDAsInVwZGF0ZSI6MTIwMDAwMDAwMDAwMH19",
          "dependencies": [
            "data.opennebula_template.plantilla",
            "data.opennebula_templates.busqueda",
            "data.opennebula_virtual_network.red"
          ]
        }
      ]
    },
    {
      "mode": "managed",
      "type": "opennebula_virtual_machine",
      "name": "web",
      "provider": "provider[\"registry.terraform.io/opennebula/opennebula\"]",
      "instances": [
        {
          "schema_version": 0,
          "attributes": {
            "context": {
              "NETWORK": "YES",
              "SET_HOSTNAME": "$NAME",
              "SSH_PUBLIC_KEY": "ssh-rsa AAAAB3NzaC1yc2EAAAADAQABAAABAQDMWWZ6dy6OMrHOZA1W7SoBh/31dalJllYvipzxaeaa/EzR6kNO4sw9K5xG7gotQqqxy21/DXpHUbDk5MVm8S1MjeQRXj7Ycn+D024/3sZXZOkrfdGYvHER/hxzuedlQ0rYZzzMwfLSZfCy9H5tltFcd9SStk5ske5deor5l+iHCFvuCTzHSQKzHgXOi0szf6W19ZCQqlNYrS2KN96Vg5eGLUmgAVY/MxMi8XXzYmDuuFG6FjUHrnfzpnBZ59ITn1AL8xdrdcs06cQm9/D1fibQa6La4ig+CxOSxNKUqqYtOhDt1Xj+kuUCtz/mLDAMXPp+VqCiTCko/5or3d9H68J9 root@workspace\n"
            },
            "cpu": 2,
            "cpumodel": [],
            "default_tags": {},
            "description": "",
            "disk": [
              {
                "cache": "",
                "computed_cache": "",
                "computed_dev_prefix": "vd",
                "computed_discard": "",
                "computed_driver": "qcow2",
                "computed_io": "",
                "computed_size": 6000,
                "computed_target": "vda",
                "computed_volatile_format": "qcow2",
                "dev_prefix": "",
                "discard": "",
                "disk_id": 0,
                "driver": "",
                "image_id": 226,
                "io": "",
                "size": 6000,
                "target": "vda",
                "volatile_format": "",
                "volatile_type": ""
              }
            ],
            "gid": 843,
            "gname": "ciber-06",
            "graphics": [],
            "group": "ciber-06",
            "hard_shutdown": false,
            "id": "8153",
            "ip": "172.20.227.60",
            "keep_nic_order": null,
            "lcmstate": 3,
            "lock": null,
            "memory": 6000,
            "name": "debian-ciber-06-web",
            "nic": [
              {
                "computed_dns": "",
                "computed_gateway": "172.20.1.2",
                "computed_ip": "172.20.227.60",
                "computed_mac": "02:00:ac:14:e3:3c",
                "computed_method": "",
                "computed_model": "virtio",
                "computed_physical_device": "",
                "computed_security_groups": [
                  245
                ],
                "computed_virtio_queues": "",
                "dns": "",
                "gateway": "",
                "ip": "172.20.227.60",
                "mac": "",
                "method": "",
                "model": "virtio",
                "network": "ciber-06",
                "network_id": 1246,
                "network_mode_auto": false,
                "nic_id": 0,
                "physical_device": "",
                "sched_rank": "",
                "sched_requirements": "",
                "security_groups": null,
                "virtio_queues": ""
              }
            ],
            "on_disk_change": "swap",
            "os": [],
            "pending": false,
            "permissions": "600",
            "raw": [],
            "sched_ds_requirements": "",
            "sched_requirements": "",
            "state": 3,
            "tags": null,
            "tags_all": {},
            "template_disk": [],
            "template_id": 262,
            "template_nic": [],
            "template_section": [],
            "template_section_names": {
              "CONTEXT": "",
              "DISK": "",
              "GRAPHICS": "",
              "HOT_RESIZE": "",
              "OS": ""
            },
            "template_tags": {
              "CPU": "0.5",
              "LOGO": "images/logos/debian.png",
              "LXD_SECURITY_PRIVILEGED": "true",
              "MEMORY": "1024",
              "MEMORY_RESIZE_MODE": "BALLOONING",
              "MEMORY_UNIT_COST": "MB",
              "SAVED_TEMPLATE_ID": "254",
              "TAG": "debian-terraform"
            },
            "timeout": 20,
            "timeouts": null,
            "uid": 680,
            "uname": "ciber-06",
            "vcpu": 2,
            "vmgroup": null
          },
          "sensitive_attributes": [],
          "private": "eyJlMmJmYjczMC1lY2FhLTExZTYtOGY4OC0zNDM2M2JjN2M0YzAiOnsiY3JlYXRlIjoxMjAwMDAwMDAwMDAwLCJkZWxldGUiOjEyMDAwMDAwMDAwMDAsInVwZGF0ZSI6MTIwMDAwMDAwMDAwMH19",
          "dependencies": [
            "data.opennebula_template.plantilla",
            "data.opennebula_templates.busqueda",
            "data.opennebula_virtual_network.red"
          ]
        }
      ]
    }
  ],
  "check_results": null
}
